// !$*UTF8*$!
{
	archiveVersion = 1;
	classes = {
	};
	objectVersion = 48;
	objects = {

/* Begin PBXBuildFile section */
		D14AE6E920492D8800320DCD /* Configure.swift in Sources */ = {isa = PBXBuildFile; fileRef = D14AE6E820492D8800320DCD /* Configure.swift */; };
		D164E33C200876580050451B /* DetailedVC.swift in Sources */ = {isa = PBXBuildFile; fileRef = D164E33B200876580050451B /* DetailedVC.swift */; };
		D172C23920085A3D00453B19 /* Constants.swift in Sources */ = {isa = PBXBuildFile; fileRef = D172C23820085A3D00453B19 /* Constants.swift */; };
		D172C23B20085A9C00453B19 /* CustomCollectionViewCell.swift in Sources */ = {isa = PBXBuildFile; fileRef = D172C23A20085A9C00453B19 /* CustomCollectionViewCell.swift */; };
		D1B8E37620072EB800B83139 /* AppDelegate.swift in Sources */ = {isa = PBXBuildFile; fileRef = D1B8E37520072EB800B83139 /* AppDelegate.swift */; };
		D1B8E37820072EB800B83139 /* ViewController.swift in Sources */ = {isa = PBXBuildFile; fileRef = D1B8E37720072EB800B83139 /* ViewController.swift */; };
		D1B8E37B20072EB800B83139 /* Main.storyboard in Resources */ = {isa = PBXBuildFile; fileRef = D1B8E37920072EB800B83139 /* Main.storyboard */; };
		D1B8E37D20072EB800B83139 /* Assets.xcassets in Resources */ = {isa = PBXBuildFile; fileRef = D1B8E37C20072EB800B83139 /* Assets.xcassets */; };
		D1B8E38020072EB800B83139 /* LaunchScreen.storyboard in Resources */ = {isa = PBXBuildFile; fileRef = D1B8E37E20072EB800B83139 /* LaunchScreen.storyboard */; };
		F88A81025A5486BAF848C88F /* Pods_APOD.framework in Frameworks */ = {isa = PBXBuildFile; fileRef = CB8D2D5810B74724B0D6F3F1 /* Pods_APOD.framework */; };
/* End PBXBuildFile section */

/* Begin PBXFileReference section */
		716C5A8AE1BA441A0E7AB67D /* Pods-APOD.release.xcconfig */ = {isa = PBXFileReference; includeInIndex = 1; lastKnownFileType = text.xcconfig; name = "Pods-APOD.release.xcconfig"; path = "Pods/Target Support Files/Pods-APOD/Pods-APOD.release.xcconfig"; sourceTree = "<group>"; };
		BD2AE43574E7AEE361DFED5A /* Pods-APOD.debug.xcconfig */ = {isa = PBXFileReference; includeInIndex = 1; lastKnownFileType = text.xcconfig; name = "Pods-APOD.debug.xcconfig"; path = "Pods/Target Support Files/Pods-APOD/Pods-APOD.debug.xcconfig"; sourceTree = "<group>"; };
		CB8D2D5810B74724B0D6F3F1 /* Pods_APOD.framework */ = {isa = PBXFileReference; explicitFileType = wrapper.framework; includeInIndex = 0; path = Pods_APOD.framework; sourceTree = BUILT_PRODUCTS_DIR; };
		D14AE6E820492D8800320DCD /* Configure.swift */ = {isa = PBXFileReference; fileEncoding = 4; lastKnownFileType = sourcecode.swift; path = Configure.swift; sourceTree = "<group>"; };
		D164E33B200876580050451B /* DetailedVC.swift */ = {isa = PBXFileReference; lastKnownFileType = sourcecode.swift; path = DetailedVC.swift; sourceTree = "<group>"; };
		D172C23820085A3D00453B19 /* Constants.swift */ = {isa = PBXFileReference; lastKnownFileType = sourcecode.swift; path = Constants.swift; sourceTree = "<group>"; };
		D172C23A20085A9C00453B19 /* CustomCollectionViewCell.swift */ = {isa = PBXFileReference; lastKnownFileType = sourcecode.swift; path = CustomCollectionViewCell.swift; sourceTree = "<group>"; };
		D1B8E37220072EB800B83139 /* APOD.app */ = {isa = PBXFileReference; explicitFileType = wrapper.application; includeInIndex = 0; path = APOD.app; sourceTree = BUILT_PRODUCTS_DIR; };
		D1B8E37520072EB800B83139 /* AppDelegate.swift */ = {isa = PBXFileReference; lastKnownFileType = sourcecode.swift; path = AppDelegate.swift; sourceTree = "<group>"; };
		D1B8E37720072EB800B83139 /* ViewController.swift */ = {isa = PBXFileReference; lastKnownFileType = sourcecode.swift; path = ViewController.swift; sourceTree = "<group>"; };
		D1B8E37A20072EB800B83139 /* Base */ = {isa = PBXFileReference; lastKnownFileType = file.storyboard; name = Base; path = Base.lproj/Main.storyboard; sourceTree = "<group>"; };
		D1B8E37C20072EB800B83139 /* Assets.xcassets */ = {isa = PBXFileReference; lastKnownFileType = folder.assetcatalog; path = Assets.xcassets; sourceTree = "<group>"; };
		D1B8E37F20072EB800B83139 /* Base */ = {isa = PBXFileReference; lastKnownFileType = file.storyboard; name = Base; path = Base.lproj/LaunchScreen.storyboard; sourceTree = "<group>"; };
		D1B8E38120072EB800B83139 /* Info.plist */ = {isa = PBXFileReference; lastKnownFileType = text.plist.xml; path = Info.plist; sourceTree = "<group>"; };
/* End PBXFileReference section */

/* Begin PBXFrameworksBuildPhase section */
		D1B8E36F20072EB800B83139 /* Frameworks */ = {
			isa = PBXFrameworksBuildPhase;
			buildActionMask = 2147483647;
			files = (
				F88A81025A5486BAF848C88F /* Pods_APOD.framework in Frameworks */,
			);
			runOnlyForDeploymentPostprocessing = 0;
		};
/* End PBXFrameworksBuildPhase section */

/* Begin PBXGroup section */
		53F2E2EF7DF633AF1CDD012E /* Frameworks */ = {
			isa = PBXGroup;
			children = (
				CB8D2D5810B74724B0D6F3F1 /* Pods_APOD.framework */,
			);
			name = Frameworks;
			sourceTree = "<group>";
		};
		56262DD47AF31353567CB381 /* Pods */ = {
			isa = PBXGroup;
			children = (
				BD2AE43574E7AEE361DFED5A /* Pods-APOD.debug.xcconfig */,
				716C5A8AE1BA441A0E7AB67D /* Pods-APOD.release.xcconfig */,
			);
			name = Pods;
			sourceTree = "<group>";
		};
		D1B8E36920072EB800B83139 = {
			isa = PBXGroup;
			children = (
				D1B8E37420072EB800B83139 /* APOD */,
				D1B8E37320072EB800B83139 /* Products */,
				56262DD47AF31353567CB381 /* Pods */,
				53F2E2EF7DF633AF1CDD012E /* Frameworks */,
			);
			sourceTree = "<group>";
		};
		D1B8E37320072EB800B83139 /* Products */ = {
			isa = PBXGroup;
			children = (
				D1B8E37220072EB800B83139 /* APOD.app */,
			);
			name = Products;
			sourceTree = "<group>";
		};
		D1B8E37420072EB800B83139 /* APOD */ = {
			isa = PBXGroup;
			children = (
				D1B8E37520072EB800B83139 /* AppDelegate.swift */,
				D1B8E37720072EB800B83139 /* ViewController.swift */,
				D1B8E37920072EB800B83139 /* Main.storyboard */,
				D1B8E37C20072EB800B83139 /* Assets.xcassets */,
				D1B8E37E20072EB800B83139 /* LaunchScreen.storyboard */,
				D1B8E38120072EB800B83139 /* Info.plist */,
				D172C23820085A3D00453B19 /* Constants.swift */,
				D172C23A20085A9C00453B19 /* CustomCollectionViewCell.swift */,
				D164E33B200876580050451B /* DetailedVC.swift */,
				D14AE6E820492D8800320DCD /* Configure.swift */,
			);
			path = APOD;
			sourceTree = "<group>";
		};
/* End PBXGroup section */

/* Begin PBXNativeTarget section */
		D1B8E37120072EB800B83139 /* APOD */ = {
			isa = PBXNativeTarget;
			buildConfigurationList = D1B8E38420072EB800B83139 /* Build configuration list for PBXNativeTarget "APOD" */;
			buildPhases = (
				E4455263A36D95BB5666B5CD /* [CP] Check Pods Manifest.lock */,
				D1B8E36E20072EB800B83139 /* Sources */,
				D1B8E36F20072EB800B83139 /* Frameworks */,
				D1B8E37020072EB800B83139 /* Resources */,
				5CF7C9BD2037F845439CF8BC /* [CP] Embed Pods Frameworks */,
				3F4B2D92220C7602D29BEC57 /* [CP] Copy Pods Resources */,
			);
			buildRules = (
			);
			dependencies = (
			);
			name = APOD;
			productName = APOD;
			productReference = D1B8E37220072EB800B83139 /* APOD.app */;
			productType = "com.apple.product-type.application";
		};
/* End PBXNativeTarget section */

/* Begin PBXProject section */
		D1B8E36A20072EB800B83139 /* Project object */ = {
			isa = PBXProject;
			attributes = {
				LastSwiftUpdateCheck = 0910;
				LastUpgradeCheck = 0910;
				ORGANIZATIONNAME = "Coder Earth";
				TargetAttributes = {
					D1B8E37120072EB800B83139 = {
						CreatedOnToolsVersion = 9.1;
						ProvisioningStyle = Automatic;
					};
				};
			};
			buildConfigurationList = D1B8E36D20072EB800B83139 /* Build configuration list for PBXProject "APOD" */;
			compatibilityVersion = "Xcode 8.0";
			developmentRegion = en;
			hasScannedForEncodings = 0;
			knownRegions = (
				en,
				Base,
			);
			mainGroup = D1B8E36920072EB800B83139;
			productRefGroup = D1B8E37320072EB800B83139 /* Products */;
			projectDirPath = "";
			projectRoot = "";
			targets = (
				D1B8E37120072EB800B83139 /* APOD */,
			);
		};
/* End PBXProject section */

/* Begin PBXResourcesBuildPhase section */
		D1B8E37020072EB800B83139 /* Resources */ = {
			isa = PBXResourcesBuildPhase;
			buildActionMask = 2147483647;
			files = (
				D1B8E38020072EB800B83139 /* LaunchScreen.storyboard in Resources */,
				D1B8E37D20072EB800B83139 /* Assets.xcassets in Resources */,
				D1B8E37B20072EB800B83139 /* Main.storyboard in Resources */,
			);
			runOnlyForDeploymentPostprocessing = 0;
		};
/* End PBXResourcesBuildPhase section */

/* Begin PBXShellScriptBuildPhase section */
		3F4B2D92220C7602D29BEC57 /* [CP] Copy Pods Resources */ = {
			isa = PBXShellScriptBuildPhase;
			buildActionMask = 2147483647;
			files = (
			);
			inputPaths = (
			);
			name = "[CP] Copy Pods Resources";
			outputPaths = (
			);
			runOnlyForDeploymentPostprocessing = 0;
			shellPath = /bin/sh;
			shellScript = "\"${SRCROOT}/Pods/Target Support Files/Pods-APOD/Pods-APOD-resources.sh\"\n";
			showEnvVarsInLog = 0;
		};
		5CF7C9BD2037F845439CF8BC /* [CP] Embed Pods Frameworks */ = {
			isa = PBXShellScriptBuildPhase;
			buildActionMask = 2147483647;
			files = (
			);
			inputPaths = (
				"${SRCROOT}/Pods/Target Support Files/Pods-APOD/Pods-APOD-frameworks.sh",
				"${BUILT_PRODUCTS_DIR}/Alamofire/Alamofire.framework",
				"${BUILT_PRODUCTS_DIR}/AlamofireImage/AlamofireImage.framework",
				"${BUILT_PRODUCTS_DIR}/SwiftyJSON/SwiftyJSON.framework",
			);
			name = "[CP] Embed Pods Frameworks";
			outputPaths = (
				"${TARGET_BUILD_DIR}/${FRAMEWORKS_FOLDER_PATH}/Alamofire.framework",
				"${TARGET_BUILD_DIR}/${FRAMEWORKS_FOLDER_PATH}/AlamofireImage.framework",
				"${TARGET_BUILD_DIR}/${FRAMEWORKS_FOLDER_PATH}/SwiftyJSON.framework",
			);
			runOnlyForDeploymentPostprocessing = 0;
			shellPath = /bin/sh;
			shellScript = "\"${SRCROOT}/Pods/Target Support Files/Pods-APOD/Pods-APOD-frameworks.sh\"\n";
			showEnvVarsInLog = 0;
		};
		E4455263A36D95BB5666B5CD /* [CP] Check Pods Manifest.lock */ = {
			isa = PBXShellScriptBuildPhase;
			buildActionMask = 2147483647;
			files = (
			);
			inputPaths = (
				"${PODS_PODFILE_DIR_PATH}/Podfile.lock",
				"${PODS_ROOT}/Manifest.lock",
			);
			name = "[CP] Check Pods Manifest.lock";
			outputPaths = (
				"$(DERIVED_FILE_DIR)/Pods-APOD-checkManifestLockResult.txt",
			);
			runOnlyForDeploymentPostprocessing = 0;
			shellPath = /bin/sh;
			shellScript = "diff \"${PODS_PODFILE_DIR_PATH}/Podfile.lock\" \"${PODS_ROOT}/Manifest.lock\" > /dev/null\nif [ $? != 0 ] ; then\n    # print error to STDERR\n    echo \"error: The sandbox is not in sync with the Podfile.lock. Run 'pod install' or update your CocoaPods installation.\" >&2\n    exit 1\nfi\n# This output is used by Xcode 'outputs' to avoid re-running this script phase.\necho \"SUCCESS\" > \"${SCRIPT_OUTPUT_FILE_0}\"\n";
			showEnvVarsInLog = 0;
		};
/* End PBXShellScriptBuildPhase section */

/* Begin PBXSourcesBuildPhase section */
		D1B8E36E20072EB800B83139 /* Sources */ = {
			isa = PBXSourcesBuildPhase;
			buildActionMask = 2147483647;
			files = (
				D1B8E37820072EB800B83139 /* ViewController.swift in Sources */,
				D1B8E37620072EB800B83139 /* AppDelegate.swift in Sources */,
				D14AE6E920492D8800320DCD /* Configure.swift in Sources */,
				D172C23920085A3D00453B19 /* Constants.swift in Sources */,
				D172C23B20085A9C00453B19 /* CustomCollectionViewCell.swift in Sources */,
				D164E33C200876580050451B /* DetailedVC.swift in Sources */,
			);
			runOnlyForDeploymentPostprocessing = 0;
		};
/* End PBXSourcesBuildPhase section */

/* Begin PBXVariantGroup section */
		D1B8E37920072EB800B83139 /* Main.storyboard */ = {
			isa = PBXVariantGroup;
			children = (
				D1B8E37A20072EB800B83139 /* Base */,
			);
			name = Main.storyboard;
			sourceTree = "<group>";
		};
		D1B8E37E20072EB800B83139 /* LaunchScreen.storyboard */ = {
			isa = PBXVariantGroup;
			children = (
				D1B8E37F20072EB800B83139 /* Base */,
			);
			name = LaunchScreen.storyboard;
			sourceTree = "<group>";
		};
/* End PBXVariantGroup section */

/* Begin XCBuildConfiguration section */
		D1B8E38220072EB800B83139 /* Debug */ = {
			isa = XCBuildConfiguration;
			buildSettings = {
				ALWAYS_SEARCH_USER_PATHS = NO;
				CLANG_ANALYZER_NONNULL = YES;
				CLANG_ANALYZER_NUMBER_OBJECT_CONVERSION = YES_AGGRESSIVE;
				CLANG_CXX_LANGUAGE_STANDARD = "gnu++14";
				CLANG_CXX_LIBRARY = "libc++";
				CLANG_ENABLE_MODULES = YES;
				CLANG_ENABLE_OBJC_ARC = YES;
				CLANG_WARN_BLOCK_CAPTURE_AUTORELEASING = YES;
				CLANG_WARN_BOOL_CONVERSION = YES;
				CLANG_WARN_COMMA = YES;
				CLANG_WARN_CONSTANT_CONVERSION = YES;
				CLANG_WARN_DIRECT_OBJC_ISA_USAGE = YES_ERROR;
				CLANG_WARN_DOCUMENTATION_COMMENTS = YES;
				CLANG_WARN_EMPTY_BODY = YES;
				CLANG_WARN_ENUM_CONVERSION = YES;
				CLANG_WARN_INFINITE_RECURSION = YES;
				CLANG_WARN_INT_CONVERSION = YES;
				CLANG_WARN_NON_LITERAL_NULL_CONVERSION = YES;
				CLANG_WARN_OBJC_LITERAL_CONVERSION = YES;
				CLANG_WARN_OBJC_ROOT_CLASS = YES_ERROR;
				CLANG_WARN_RANGE_LOOP_ANALYSIS = YES;
				CLANG_WARN_STRICT_PROTOTYPES = YES;
				CLANG_WARN_SUSPICIOUS_MOVE = YES;
				CLANG_WARN_UNGUARDED_AVAILABILITY = YES_AGGRESSIVE;
				CLANG_WARN_UNREACHABLE_CODE = YES;
				CLANG_WARN__DUPLICATE_METHOD_MATCH = YES;
				CODE_SIGN_IDENTITY = "iPhone Developer";
				COPY_PHASE_STRIP = NO;
				DEBUG_INFORMATION_FORMAT = dwarf;
				ENABLE_STRICT_OBJC_MSGSEND = YES;
				ENABLE_TESTABILITY = YES;
				GCC_C_LANGUAGE_STANDARD = gnu11;
				GCC_DYNAMIC_NO_PIC = NO;
				GCC_NO_COMMON_BLOCKS = YES;
				GCC_OPTIMIZATION_LEVEL = 0;
				GCC_PREPROCESSOR_DEFINITIONS = (
					"DEBUG=1",
					"$(inherited)",
				);
				GCC_WARN_64_TO_32_BIT_CONVERSION = YES;
				GCC_WARN_ABOUT_RETURN_TYPE = YES_ERROR;
				GCC_WARN_UNDECLARED_SELECTOR = YES;
				GCC_WARN_UNINITIALIZED_AUTOS = YES_AGGRESSIVE;
				GCC_WARN_UNUSED_FUNCTION = YES;
				GCC_WARN_UNUSED_VARIABLE = YES;
				IPHONEOS_DEPLOYMENT_TARGET = 11.1;
				MTL_ENABLE_DEBUG_INFO = YES;
				ONLY_ACTIVE_ARCH = YES;
				SDKROOT = iphoneos;
				SWIFT_ACTIVE_COMPILATION_CONDITIONS = DEBUG;
				SWIFT_OPTIMIZATION_LEVEL = "-Onone";
			};
			name = Debug;
		};
		D1B8E38320072EB800B83139 /* Release */ = {
			isa = XCBuildConfiguration;
			buildSettings = {
				ALWAYS_SEARCH_USER_PATHS = NO;
				CLANG_ANALYZER_NONNULL = YES;
				CLANG_ANALYZER_NUMBER_OBJECT_CONVERSION = YES_AGGRESSIVE;
				CLANG_CXX_LANGUAGE_STANDARD = "gnu++14";
				CLANG_CXX_LIBRARY = "libc++";
				CLANG_ENABLE_MODULES = YES;
				CLANG_ENABLE_OBJC_ARC = YES;
				CLANG_WARN_BLOCK_CAPTURE_AUTORELEASING = YES;
				CLANG_WARN_BOOL_CONVERSION = YES;
				CLANG_WARN_COMMA = YES;
				CLANG_WARN_CONSTANT_CONVERSION = YES;
				CLANG_WARN_DIRECT_OBJC_ISA_USAGE = YES_ERROR;
				CLANG_WARN_DOCUMENTATION_COMMENTS = YES;
				CLANG_WARN_EMPTY_BODY = YES;
				CLANG_WARN_ENUM_CONVERSION = YES;
				CLANG_WARN_INFINITE_RECURSION = YES;
				CLANG_WARN_INT_CONVERSION = YES;
				CLANG_WARN_NON_LITERAL_NULL_CONVERSION = YES;
				CLANG_WARN_OBJC_LITERAL_CONVERSION = YES;
				CLANG_WARN_OBJC_ROOT_CLASS = YES_ERROR;
				CLANG_WARN_RANGE_LOOP_ANALYSIS = YES;
				CLANG_WARN_STRICT_PROTOTYPES = YES;
				CLANG_WARN_SUSPICIOUS_MOVE = YES;
				CLANG_WARN_UNGUARDED_AVAILABILITY = YES_AGGRESSIVE;
				CLANG_WARN_UNREACHABLE_CODE = YES;
				CLANG_WARN__DUPLICATE_METHOD_MATCH = YES;
				CODE_SIGN_IDENTITY = "iPhone Developer";
				COPY_PHASE_STRIP = NO;
				DEBUG_INFORMATION_FORMAT = "dwarf-with-dsym";
				ENABLE_NS_ASSERTIONS = NO;
				ENABLE_STRICT_OBJC_MSGSEND = YES;
				GCC_C_LANGUAGE_STANDARD = gnu11;
				GCC_NO_COMMON_BLOCKS = YES;
				GCC_WARN_64_TO_32_BIT_CONVERSION = YES;
				GCC_WARN_ABOUT_RETURN_TYPE = YES_ERROR;
				GCC_WARN_UNDECLARED_SELECTOR = YES;
				GCC_WARN_UNINITIALIZED_AUTOS = YES_AGGRESSIVE;
				GCC_WARN_UNUSED_FUNCTION = YES;
				GCC_WARN_UNUSED_VARIABLE = YES;
				IPHONEOS_DEPLOYMENT_TARGET = 11.1;
				MTL_ENABLE_DEBUG_INFO = NO;
				SDKROOT = iphoneos;
				SWIFT_OPTIMIZATION_LEVEL = "-Owholemodule";
				VALIDATE_PRODUCT = YES;
			};
			name = Release;
		};
		D1B8E38520072EB800B83139 /* Debug */ = {
			isa = XCBuildConfiguration;
			baseConfigurationReference = BD2AE43574E7AEE361DFED5A /* Pods-APOD.debug.xcconfig */;
			buildSettings = {
				ASSETCATALOG_COMPILER_APPICON_NAME = AppIcon;
				CODE_SIGN_STYLE = Automatic;
				DEVELOPMENT_TEAM = HW2VJEFH2M;
				INFOPLIST_FILE = APOD/Info.plist;
				LD_RUNPATH_SEARCH_PATHS = "$(inherited) @executable_path/Frameworks";
				PRODUCT_BUNDLE_IDENTIFIER = in.coderearth.APOD;
				PRODUCT_NAME = "$(TARGET_NAME)";
				SWIFT_VERSION = 4.0;
				TARGETED_DEVICE_FAMILY = "1,2";
			};
			name = Debug;
		};
		D1B8E38620072EB800B83139 /* Release */ = {
			isa = XCBuildConfiguration;
			baseConfigurationReference = 716C5A8AE1BA441A0E7AB67D /* Pods-APOD.release.xcconfig */;
			buildSettings = {
				ASSETCATALOG_COMPILER_APPICON_NAME = AppIcon;
				CODE_SIGN_STYLE = Automatic;
				DEVELOPMENT_TEAM = HW2VJEFH2M;
				INFOPLIST_FILE = APOD/Info.plist;
				LD_RUNPATH_SEARCH_PATHS = "$(inherited) @executable_path/Frameworks";
				PRODUCT_BUNDLE_IDENTIFIER = in.coderearth.APOD;
				PRODUCT_NAME = "$(TARGET_NAME)";
				SWIFT_VERSION = 4.0;
				TARGETED_DEVICE_FAMILY = "1,2";
			};
			name = Release;
		};
/* End XCBuildConfiguration section */

/* Begin XCConfigurationList section */
		D1B8E36D20072EB800B83139 /* Build configuration list for PBXProject "APOD" */ = {
			isa = XCConfigurationList;
			buildConfigurations = (
				D1B8E38220072EB800B83139 /* Debug */,
				D1B8E38320072EB800B83139 /* Release */,
			);
			defaultConfigurationIsVisible = 0;
			defaultConfigurationName = Release;
		};
		D1B8E38420072EB800B83139 /* Build configuration list for PBXNativeTarget "APOD" */ = {
			isa = XCConfigurationList;
			buildConfigurations = (
				D1B8E38520072EB800B83139 /* Debug */,
				D1B8E38620072EB800B83139 /* Release */,
			);
			defaultConfigurationIsVisible = 0;
			defaultConfigurationName = Release;
		};
/* End XCConfigurationList section */
	};
	rootObject = D1B8E36A20072EB800B83139 /* Project object */;
}
